
Microsoft Visual Studio Solution File, Format Version 12.00
# Visual Studio Version 16
VisualStudioVersion = 16.0.30204.135
MinimumVisualStudioVersion = 10.0.40219.1
Project("{9A19103F-16F7-4668-BE54-9A1E7A4F7556}") = "SuanFa", "SuanFa\SuanFa.csproj", "{55E0BC67-DBE1-42FD-8D1E-7B7B0BA71547}"
EndProject
Project("{9A19103F-16F7-4668-BE54-9A1E7A4F7556}") = "LeetcodeDemo", "LeetcodeDemo\LeetcodeDemo.csproj", "{369AD406-DB4A-415A-8E3A-D6245DF5FC92}"
EndProject
Project("{FAE04EC0-301F-11D3-BF4B-00C04F79EFBC}") = "DataStructure", "DataStructure\DataStructure.csproj", "{B25FD808-0E25-4DEB-BCCA-979AEF66CA68}"
EndProject
Global
	GlobalSection(SolutionConfigurationPlatforms) = preSolution
		Debug|Any CPU = Debug|Any CPU
		Release|Any CPU = Release|Any CPU
	EndGlobalSection
	GlobalSection(ProjectConfigurationPlatforms) = postSolution
		{55E0BC67-DBE1-42FD-8D1E-7B7B0BA71547}.Debug|Any CPU.ActiveCfg = Debug|Any CPU
		{55E0BC67-DBE1-42FD-8D1E-7B7B0BA71547}.Debug|Any CPU.Build.0 = Debug|Any CPU
		{55E0BC67-DBE1-42FD-8D1E-7B7B0BA71547}.Release|Any CPU.ActiveCfg = Release|Any CPU
		{55E0BC67-DBE1-42FD-8D1E-7B7B0BA71547}.Release|Any CPU.Build.0 = Release|Any CPU
		{369AD406-DB4A-415A-8E3A-D6245DF5FC92}.Debug|Any CPU.ActiveCfg = Debug|Any CPU
		{369AD406-DB4A-415A-8E3A-D6245DF5FC92}.Debug|Any CPU.Build.0 = Debug|Any CPU
		{369AD406-DB4A-415A-8E3A-D6245DF5FC92}.Release|Any CPU.ActiveCfg = Release|Any CPU
		{369AD406-DB4A-415A-8E3A-D6245DF5FC92}.Release|Any CPU.Build.0 = Release|Any CPU
		{B25FD808-0E25-4DEB-BCCA-979AEF66CA68}.Debug|Any CPU.ActiveCfg = Debug|Any CPU
		{B25FD808-0E25-4DEB-BCCA-979AEF66CA68}.Debug|Any CPU.Build.0 = Debug|Any CPU
		{B25FD808-0E25-4DEB-BCCA-979AEF66CA68}.Release|Any CPU.ActiveCfg = Release|Any CPU
		{B25FD808-0E25-4DEB-BCCA-979AEF66CA68}.Release|Any CPU.Build.0 = Release|Any CPU
	EndGlobalSection
	GlobalSection(SolutionProperties) = preSolution
		HideSolutionNode = FALSE
	EndGlobalSection
	GlobalSection(ExtensibilityGlobals) = postSolution
		SolutionGuid = {D23392D2-39DC-461C-AE8F-2F4637E75888}
	EndGlobalSection
EndGlobal
